// !$*UTF8*$!
{
	archiveVersion = 1;
	classes = {
	};
	objectVersion = 46;
	objects = {

/* Begin PBXBuildFile section */
		DD346F0A1992624000F1554B /* Foundation.framework in Frameworks */ = {isa = PBXBuildFile; fileRef = DD346F091992624000F1554B /* Foundation.framework */; };
		DD346F0C1992624000F1554B /* CoreGraphics.framework in Frameworks */ = {isa = PBXBuildFile; fileRef = DD346F0B1992624000F1554B /* CoreGraphics.framework */; };
		DD346F0E1992624000F1554B /* UIKit.framework in Frameworks */ = {isa = PBXBuildFile; fileRef = DD346F0D1992624000F1554B /* UIKit.framework */; };
		DD346F141992624000F1554B /* InfoPlist.strings in Resources */ = {isa = PBXBuildFile; fileRef = DD346F121992624000F1554B /* InfoPlist.strings */; };
		DD346F161992624000F1554B /* main.m in Sources */ = {isa = PBXBuildFile; fileRef = DD346F151992624000F1554B /* main.m */; };
		DD346F1A1992624000F1554B /* BABAppDelegate.m in Sources */ = {isa = PBXBuildFile; fileRef = DD346F191992624000F1554B /* BABAppDelegate.m */; };
		DD346F1C1992624000F1554B /* Images.xcassets in Resources */ = {isa = PBXBuildFile; fileRef = DD346F1B1992624000F1554B /* Images.xcassets */; };
		DD346F231992624000F1554B /* XCTest.framework in Frameworks */ = {isa = PBXBuildFile; fileRef = DD346F221992624000F1554B /* XCTest.framework */; };
		DD346F241992624000F1554B /* Foundation.framework in Frameworks */ = {isa = PBXBuildFile; fileRef = DD346F091992624000F1554B /* Foundation.framework */; };
		DD346F251992624000F1554B /* UIKit.framework in Frameworks */ = {isa = PBXBuildFile; fileRef = DD346F0D1992624000F1554B /* UIKit.framework */; };
		DD346F2D1992624000F1554B /* InfoPlist.strings in Resources */ = {isa = PBXBuildFile; fileRef = DD346F2B1992624000F1554B /* InfoPlist.strings */; };
		DD346F2F1992624000F1554B /* Bricks___BallsTests.m in Sources */ = {isa = PBXBuildFile; fileRef = DD346F2E1992624000F1554B /* Bricks___BallsTests.m */; };
		DD346F3B199262C800F1554B /* BABGameBoardVC.m in Sources */ = {isa = PBXBuildFile; fileRef = DD346F3A199262C800F1554B /* BABGameBoardVC.m */; };
		DDC1C8631995067C0000F389 /* BABLevelData.m in Sources */ = {isa = PBXBuildFile; fileRef = DDC1C8621995067C0000F389 /* BABLevelData.m */; };
		DDD569B61993B9EF00FE45C3 /* BABHeaderView.m in Sources */ = {isa = PBXBuildFile; fileRef = DDD569B51993B9EF00FE45C3 /* BABHeaderView.m */; };
/* End PBXBuildFile section */

/* Begin PBXContainerItemProxy section */
		DD346F261992624000F1554B /* PBXContainerItemProxy */ = {
			isa = PBXContainerItemProxy;
			containerPortal = DD346EFE1992624000F1554B /* Project object */;
			proxyType = 1;
			remoteGlobalIDString = DD346F051992624000F1554B;
			remoteInfo = "Bricks & Balls";
		};
/* End PBXContainerItemProxy section */

/* Begin PBXFileReference section */
		DD346F061992624000F1554B /* Bricks & Balls.app */ = {isa = PBXFileReference; explicitFileType = wrapper.application; includeInIndex = 0; path = "Bricks & Balls.app"; sourceTree = BUILT_PRODUCTS_DIR; };
		DD346F091992624000F1554B /* Foundation.framework */ = {isa = PBXFileReference; lastKnownFileType = wrapper.framework; name = Foundation.framework; path = System/Library/Frameworks/Foundation.framework; sourceTree = SDKROOT; };
		DD346F0B1992624000F1554B /* CoreGraphics.framework */ = {isa = PBXFileReference; lastKnownFileType = wrapper.framework; name = CoreGraphics.framework; path = System/Library/Frameworks/CoreGraphics.framework; sourceTree = SDKROOT; };
		DD346F0D1992624000F1554B /* UIKit.framework */ = {isa = PBXFileReference; lastKnownFileType = wrapper.framework; name = UIKit.framework; path = System/Library/Frameworks/UIKit.framework; sourceTree = SDKROOT; };
		DD346F111992624000F1554B /* Bricks & Balls-Info.plist */ = {isa = PBXFileReference; lastKnownFileType = text.plist.xml; path = "Bricks & Balls-Info.plist"; sourceTree = "<group>"; };
		DD346F131992624000F1554B /* en */ = {isa = PBXFileReference; lastKnownFileType = text.plist.strings; name = en; path = en.lproj/InfoPlist.strings; sourceTree = "<group>"; };
		DD346F151992624000F1554B /* main.m */ = {isa = PBXFileReference; lastKnownFileType = sourcecode.c.objc; path = main.m; sourceTree = "<group>"; };
		DD346F171992624000F1554B /* Bricks & Balls-Prefix.pch */ = {isa = PBXFileReference; lastKnownFileType = sourcecode.c.h; path = "Bricks & Balls-Prefix.pch"; sourceTree = "<group>"; };
		DD346F181992624000F1554B /* BABAppDelegate.h */ = {isa = PBXFileReference; lastKnownFileType = sourcecode.c.h; path = BABAppDelegate.h; sourceTree = "<group>"; };
		DD346F191992624000F1554B /* BABAppDelegate.m */ = {isa = PBXFileReference; lastKnownFileType = sourcecode.c.objc; path = BABAppDelegate.m; sourceTree = "<group>"; };
		DD346F1B1992624000F1554B /* Images.xcassets */ = {isa = PBXFileReference; lastKnownFileType = folder.assetcatalog; path = Images.xcassets; sourceTree = "<group>"; };
		DD346F211992624000F1554B /* Bricks & BallsTests.xctest */ = {isa = PBXFileReference; explicitFileType = wrapper.cfbundle; includeInIndex = 0; path = "Bricks & BallsTests.xctest"; sourceTree = BUILT_PRODUCTS_DIR; };
		DD346F221992624000F1554B /* XCTest.framework */ = {isa = PBXFileReference; lastKnownFileType = wrapper.framework; name = XCTest.framework; path = Library/Frameworks/XCTest.framework; sourceTree = DEVELOPER_DIR; };
		DD346F2A1992624000F1554B /* Bricks & BallsTests-Info.plist */ = {isa = PBXFileReference; lastKnownFileType = text.plist.xml; path = "Bricks & BallsTests-Info.plist"; sourceTree = "<group>"; };
		DD346F2C1992624000F1554B /* en */ = {isa = PBXFileReference; lastKnownFileType = text.plist.strings; name = en; path = en.lproj/InfoPlist.strings; sourceTree = "<group>"; };
		DD346F2E1992624000F1554B /* Bricks___BallsTests.m */ = {isa = PBXFileReference; lastKnownFileType = sourcecode.c.objc; path = "Bricks___BallsTests.m"; sourceTree = "<group>"; };
		DD346F39199262C800F1554B /* BABGameBoardVC.h */ = {isa = PBXFileReference; fileEncoding = 4; lastKnownFileType = sourcecode.c.h; path = BABGameBoardVC.h; sourceTree = "<group>"; };
		DD346F3A199262C800F1554B /* BABGameBoardVC.m */ = {isa = PBXFileReference; fileEncoding = 4; lastKnownFileType = sourcecode.c.objc; path = BABGameBoardVC.m; sourceTree = "<group>"; };
		DDC1C8611995067C0000F389 /* BABLevelData.h */ = {isa = PBXFileReference; fileEncoding = 4; lastKnownFileType = sourcecode.c.h; path = BABLevelData.h; sourceTree = "<group>"; };
		DDC1C8621995067C0000F389 /* BABLevelData.m */ = {isa = PBXFileReference; fileEncoding = 4; lastKnownFileType = sourcecode.c.objc; path = BABLevelData.m; sourceTree = "<group>"; };
		DDD569B41993B9EF00FE45C3 /* BABHeaderView.h */ = {isa = PBXFileReference; fileEncoding = 4; lastKnownFileType = sourcecode.c.h; path = BABHeaderView.h; sourceTree = "<group>"; };
		DDD569B51993B9EF00FE45C3 /* BABHeaderView.m */ = {isa = PBXFileReference; fileEncoding = 4; lastKnownFileType = sourcecode.c.objc; path = BABHeaderView.m; sourceTree = "<group>"; };
/* End PBXFileReference section */

/* Begin PBXFrameworksBuildPhase section */
		DD346F031992624000F1554B /* Frameworks */ = {
			isa = PBXFrameworksBuildPhase;
			buildActionMask = 2147483647;
			files = (
				DD346F0C1992624000F1554B /* CoreGraphics.framework in Frameworks */,
				DD346F0E1992624000F1554B /* UIKit.framework in Frameworks */,
				DD346F0A1992624000F1554B /* Foundation.framework in Frameworks */,
			);
			runOnlyForDeploymentPostprocessing = 0;
		};
		DD346F1E1992624000F1554B /* Frameworks */ = {
			isa = PBXFrameworksBuildPhase;
			buildActionMask = 2147483647;
			files = (
				DD346F231992624000F1554B /* XCTest.framework in Frameworks */,
				DD346F251992624000F1554B /* UIKit.framework in Frameworks */,
				DD346F241992624000F1554B /* Foundation.framework in Frameworks */,
			);
			runOnlyForDeploymentPostprocessing = 0;
		};
/* End PBXFrameworksBuildPhase section */

/* Begin PBXGroup section */
		DD346EFD1992624000F1554B = {
			isa = PBXGroup;
			children = (
				DDC1C864199506E50000F389 /* Models */,
				DD500CCC19942E00002A547F /* Images */,
				DD346F381992628F00F1554B /* Controllers */,
				DD346F0F1992624000F1554B /* Bricks & Balls */,
				DD346F281992624000F1554B /* Bricks & BallsTests */,
				DD346F081992624000F1554B /* Frameworks */,
				DD346F071992624000F1554B /* Products */,
			);
			sourceTree = "<group>";
		};
		DD346F071992624000F1554B /* Products */ = {
			isa = PBXGroup;
			children = (
				DD346F061992624000F1554B /* Bricks & Balls.app */,
				DD346F211992624000F1554B /* Bricks & BallsTests.xctest */,
			);
			name = Products;
			sourceTree = "<group>";
		};
		DD346F081992624000F1554B /* Frameworks */ = {
			isa = PBXGroup;
			children = (
				DD346F091992624000F1554B /* Foundation.framework */,
				DD346F0B1992624000F1554B /* CoreGraphics.framework */,
				DD346F0D1992624000F1554B /* UIKit.framework */,
				DD346F221992624000F1554B /* XCTest.framework */,
			);
			name = Frameworks;
			sourceTree = "<group>";
		};
		DD346F0F1992624000F1554B /* Bricks & Balls */ = {
			isa = PBXGroup;
			children = (
				DD346F181992624000F1554B /* BABAppDelegate.h */,
				DD346F191992624000F1554B /* BABAppDelegate.m */,
				DD346F1B1992624000F1554B /* Images.xcassets */,
				DD346F101992624000F1554B /* Supporting Files */,
			);
			path = "Bricks & Balls";
			sourceTree = "<group>";
		};
		DD346F101992624000F1554B /* Supporting Files */ = {
			isa = PBXGroup;
			children = (
				DD346F111992624000F1554B /* Bricks & Balls-Info.plist */,
				DD346F121992624000F1554B /* InfoPlist.strings */,
				DD346F151992624000F1554B /* main.m */,
				DD346F171992624000F1554B /* Bricks & Balls-Prefix.pch */,
			);
			name = "Supporting Files";
			sourceTree = "<group>";
		};
		DD346F281992624000F1554B /* Bricks & BallsTests */ = {
			isa = PBXGroup;
			children = (
				DD346F2E1992624000F1554B /* Bricks___BallsTests.m */,
				DD346F291992624000F1554B /* Supporting Files */,
			);
			path = "Bricks & BallsTests";
			sourceTree = "<group>";
		};
		DD346F291992624000F1554B /* Supporting Files */ = {
			isa = PBXGroup;
			children = (
				DD346F2A1992624000F1554B /* Bricks & BallsTests-Info.plist */,
				DD346F2B1992624000F1554B /* InfoPlist.strings */,
			);
			name = "Supporting Files";
			sourceTree = "<group>";
		};
		DD346F381992628F00F1554B /* Controllers */ = {
			isa = PBXGroup;
			children = (
				DDD569B31993B9AD00FE45C3 /* Views */,
				DD346F39199262C800F1554B /* BABGameBoardVC.h */,
				DD346F3A199262C800F1554B /* BABGameBoardVC.m */,
			);
			name = Controllers;
			sourceTree = "<group>";
		};
		DD500CCC19942E00002A547F /* Images */ = {
			isa = PBXGroup;
			children = (
			);
			name = Images;
			sourceTree = "<group>";
		};
		DDC1C864199506E50000F389 /* Models */ = {
			isa = PBXGroup;
			children = (
				DDC1C8611995067C0000F389 /* BABLevelData.h */,
				DDC1C8621995067C0000F389 /* BABLevelData.m */,
			);
			name = Models;
			sourceTree = "<group>";
		};
		DDD569B31993B9AD00FE45C3 /* Views */ = {
			isa = PBXGroup;
			children = (
				DDD569B41993B9EF00FE45C3 /* BABHeaderView.h */,
				DDD569B51993B9EF00FE45C3 /* BABHeaderView.m */,
			);
			name = Views;
			sourceTree = "<group>";
		};
/* End PBXGroup section */

/* Begin PBXNativeTarget section */
		DD346F051992624000F1554B /* Bricks & Balls */ = {
			isa = PBXNativeTarget;
			buildConfigurationList = DD346F321992624100F1554B /* Build configuration list for PBXNativeTarget "Bricks & Balls" */;
			buildPhases = (
				DD346F021992624000F1554B /* Sources */,
				DD346F031992624000F1554B /* Frameworks */,
				DD346F041992624000F1554B /* Resources */,
			);
			buildRules = (
			);
			dependencies = (
			);
			name = "Bricks & Balls";
			productName = "Bricks & Balls";
			productReference = DD346F061992624000F1554B /* Bricks & Balls.app */;
			productType = "com.apple.product-type.application";
		};
		DD346F201992624000F1554B /* Bricks & BallsTests */ = {
			isa = PBXNativeTarget;
			buildConfigurationList = DD346F351992624100F1554B /* Build configuration list for PBXNativeTarget "Bricks & BallsTests" */;
			buildPhases = (
				DD346F1D1992624000F1554B /* Sources */,
				DD346F1E1992624000F1554B /* Frameworks */,
				DD346F1F1992624000F1554B /* Resources */,
			);
			buildRules = (
			);
			dependencies = (
				DD346F271992624000F1554B /* PBXTargetDependency */,
			);
			name = "Bricks & BallsTests";
			productName = "Bricks & BallsTests";
			productReference = DD346F211992624000F1554B /* Bricks & BallsTests.xctest */;
			productType = "com.apple.product-type.bundle.unit-test";
		};
/* End PBXNativeTarget section */

/* Begin PBXProject section */
		DD346EFE1992624000F1554B /* Project object */ = {
			isa = PBXProject;
			attributes = {
				CLASSPREFIX = BAB;
				LastUpgradeCheck = 0510;
				ORGANIZATIONNAME = "Eric Williams";
				TargetAttributes = {
					DD346F201992624000F1554B = {
						TestTargetID = DD346F051992624000F1554B;
					};
				};
			};
			buildConfigurationList = DD346F011992624000F1554B /* Build configuration list for PBXProject "Bricks & Balls" */;
			compatibilityVersion = "Xcode 3.2";
			developmentRegion = English;
			hasScannedForEncodings = 0;
			knownRegions = (
				en,
			);
			mainGroup = DD346EFD1992624000F1554B;
			productRefGroup = DD346F071992624000F1554B /* Products */;
			projectDirPath = "";
			projectRoot = "";
			targets = (
				DD346F051992624000F1554B /* Bricks & Balls */,
				DD346F201992624000F1554B /* Bricks & BallsTests */,
			);
		};
/* End PBXProject section */

/* Begin PBXResourcesBuildPhase section */
		DD346F041992624000F1554B /* Resources */ = {
			isa = PBXResourcesBuildPhase;
			buildActionMask = 2147483647;
			files = (
				DD346F141992624000F1554B /* InfoPlist.strings in Resources */,
				DD346F1C1992624000F1554B /* Images.xcassets in Resources */,
			);
			runOnlyForDeploymentPostprocessing = 0;
		};
		DD346F1F1992624000F1554B /* Resources */ = {
			isa = PBXResourcesBuildPhase;
			buildActionMask = 2147483647;
			files = (
				DD346F2D1992624000F1554B /* InfoPlist.strings in Resources */,
			);
			runOnlyForDeploymentPostprocessing = 0;
		};
/* End PBXResourcesBuildPhase section */

/* Begin PBXSourcesBuildPhase section */
		DD346F021992624000F1554B /* Sources */ = {
			isa = PBXSourcesBuildPhase;
			buildActionMask = 2147483647;
			files = (
				DDC1C8631995067C0000F389 /* BABLevelData.m in Sources */,
				DD346F1A1992624000F1554B /* BABAppDelegate.m in Sources */,
				DD346F161992624000F1554B /* main.m in Sources */,
				DD346F3B199262C800F1554B /* BABGameBoardVC.m in Sources */,
				DDD569B61993B9EF00FE45C3 /* BABHeaderView.m in Sources */,
			);
			runOnlyForDeploymentPostprocessing = 0;
		};
		DD346F1D1992624000F1554B /* Sources */ = {
			isa = PBXSourcesBuildPhase;
			buildActionMask = 2147483647;
			files = (
				DD346F2F1992624000F1554B /* Bricks___BallsTests.m in Sources */,
			);
			runOnlyForDeploymentPostprocessing = 0;
		};
/* End PBXSourcesBuildPhase section */

/* Begin PBXTargetDependency section */
		DD346F271992624000F1554B /* PBXTargetDependency */ = {
			isa = PBXTargetDependency;
			target = DD346F051992624000F1554B /* Bricks & Balls */;
			targetProxy = DD346F261992624000F1554B /* PBXContainerItemProxy */;
		};
/* End PBXTargetDependency section */

/* Begin PBXVariantGroup section */
		DD346F121992624000F1554B /* InfoPlist.strings */ = {
			isa = PBXVariantGroup;
			children = (
				DD346F131992624000F1554B /* en */,
			);
			name = InfoPlist.strings;
			sourceTree = "<group>";
		};
		DD346F2B1992624000F1554B /* InfoPlist.strings */ = {
			isa = PBXVariantGroup;
			children = (
				DD346F2C1992624000F1554B /* en */,
			);
			name = InfoPlist.strings;
			sourceTree = "<group>";
		};
/* End PBXVariantGroup section */

/* Begin XCBuildConfiguration section */
		DD346F301992624100F1554B /* Debug */ = {
			isa = XCBuildConfiguration;
			buildSettings = {
				ALWAYS_SEARCH_USER_PATHS = NO;
				CLANG_CXX_LANGUAGE_STANDARD = "gnu++0x";
				CLANG_CXX_LIBRARY = "libc++";
				CLANG_ENABLE_MODULES = YES;
				CLANG_ENABLE_OBJC_ARC = YES;
				CLANG_WARN_BOOL_CONVERSION = YES;
				CLANG_WARN_CONSTANT_CONVERSION = YES;
				CLANG_WARN_DIRECT_OBJC_ISA_USAGE = YES_ERROR;
				CLANG_WARN_EMPTY_BODY = YES;
				CLANG_WARN_ENUM_CONVERSION = YES;
				CLANG_WARN_INT_CONVERSION = YES;
				CLANG_WARN_OBJC_ROOT_CLASS = YES_ERROR;
				CLANG_WARN__DUPLICATE_METHOD_MATCH = YES;
				"CODE_SIGN_IDENTITY[sdk=iphoneos*]" = "iPhone Developer";
				COPY_PHASE_STRIP = NO;
				GCC_C_LANGUAGE_STANDARD = gnu99;
				GCC_DYNAMIC_NO_PIC = NO;
				GCC_OPTIMIZATION_LEVEL = 0;
				GCC_PREPROCESSOR_DEFINITIONS = (
					"DEBUG=1",
					"$(inherited)",
				);
				GCC_SYMBOLS_PRIVATE_EXTERN = NO;
				GCC_WARN_64_TO_32_BIT_CONVERSION = YES;
				GCC_WARN_ABOUT_RETURN_TYPE = YES_ERROR;
				GCC_WARN_UNDECLARED_SELECTOR = YES;
				GCC_WARN_UNINITIALIZED_AUTOS = YES_AGGRESSIVE;
				GCC_WARN_UNUSED_FUNCTION = YES;
				GCC_WARN_UNUSED_VARIABLE = YES;
				IPHONEOS_DEPLOYMENT_TARGET = 7.1;
				ONLY_ACTIVE_ARCH = YES;
				SDKROOT = iphoneos;
			};
			name = Debug;
		};
		DD346F311992624100F1554B /* Release */ = {
			isa = XCBuildConfiguration;
			buildSettings = {
				ALWAYS_SEARCH_USER_PATHS = NO;
				CLANG_CXX_LANGUAGE_STANDARD = "gnu++0x";
				CLANG_CXX_LIBRARY = "libc++";
				CLANG_ENABLE_MODULES = YES;
				CLANG_ENABLE_OBJC_ARC = YES;
				CLANG_WARN_BOOL_CONVERSION = YES;
				CLANG_WARN_CONSTANT_CONVERSION = YES;
				CLANG_WARN_DIRECT_OBJC_ISA_USAGE = YES_ERROR;
				CLANG_WARN_EMPTY_BODY = YES;
				CLANG_WARN_ENUM_CONVERSION = YES;
				CLANG_WARN_INT_CONVERSION = YES;
				CLANG_WARN_OBJC_ROOT_CLASS = YES_ERROR;
				CLANG_WARN__DUPLICATE_METHOD_MATCH = YES;
				"CODE_SIGN_IDENTITY[sdk=iphoneos*]" = "iPhone Developer";
				COPY_PHASE_STRIP = YES;
				ENABLE_NS_ASSERTIONS = NO;
				GCC_C_LANGUAGE_STANDARD = gnu99;
				GCC_WARN_64_TO_32_BIT_CONVERSION = YES;
				GCC_WARN_ABOUT_RETURN_TYPE = YES_ERROR;
				GCC_WARN_UNDECLARED_SELECTOR = YES;
				GCC_WARN_UNINITIALIZED_AUTOS = YES_AGGRESSIVE;
				GCC_WARN_UNUSED_FUNCTION = YES;
				GCC_WARN_UNUSED_VARIABLE = YES;
				IPHONEOS_DEPLOYMENT_TARGET = 7.1;
				SDKROOT = iphoneos;
				VALIDATE_PRODUCT = YES;
			};
			name = Release;
		};
		DD346F331992624100F1554B /* Debug */ = {
			isa = XCBuildConfiguration;
			buildSettings = {
				ASSETCATALOG_COMPILER_APPICON_NAME = AppIcon;
				ASSETCATALOG_COMPILER_LAUNCHIMAGE_NAME = LaunchImage;
				GCC_PRECOMPILE_PREFIX_HEADER = YES;
				GCC_PREFIX_HEADER = "Bricks & Balls/Bricks & Balls-Prefix.pch";
				INFOPLIST_FILE = "Bricks & Balls/Bricks & Balls-Info.plist";
				PRODUCT_NAME = "$(TARGET_NAME)";
				WRAPPER_EXTENSION = app;
			};
			name = Debug;
		};
		DD346F341992624100F1554B /* Release */ = {
			isa = XCBuildConfiguration;
			buildSettings = {
				ASSETCATALOG_COMPILER_APPICON_NAME = AppIcon;
				ASSETCATALOG_COMPILER_LAUNCHIMAGE_NAME = LaunchImage;
				GCC_PRECOMPILE_PREFIX_HEADER = YES;
				GCC_PREFIX_HEADER = "Bricks & Balls/Bricks & Balls-Prefix.pch";
				INFOPLIST_FILE = "Bricks & Balls/Bricks & Balls-Info.plist";
				PRODUCT_NAME = "$(TARGET_NAME)";
				WRAPPER_EXTENSION = app;
			};
			name = Release;
		};
		DD346F361992624100F1554B /* Debug */ = {
			isa = XCBuildConfiguration;
			buildSettings = {
				BUNDLE_LOADER = "$(BUILT_PRODUCTS_DIR)/Bricks & Balls.app/Bricks & Balls";
				FRAMEWORK_SEARCH_PATHS = (
					"$(SDKROOT)/Developer/Library/Frameworks",
					"$(inherited)",
					"$(DEVELOPER_FRAMEWORKS_DIR)",
				);
				GCC_PRECOMPILE_PREFIX_HEADER = YES;
				GCC_PREFIX_HEADER = "Bricks & Balls/Bricks & Balls-Prefix.pch";
				GCC_PREPROCESSOR_DEFINITIONS = (
					"DEBUG=1",
					"$(inherited)",
				);
				INFOPLIST_FILE = "Bricks & BallsTests/Bricks & BallsTests-Info.plist";
				PRODUCT_NAME = "$(TARGET_NAME)";
				TEST_HOST = "$(BUNDLE_LOADER)";
				WRAPPER_EXTENSION = xctest;
			};
			name = Debug;
		};
		DD346F371992624100F1554B /* Release */ = {
			isa = XCBuildConfiguration;
			buildSettings = {
				BUNDLE_LOADER = "$(BUILT_PRODUCTS_DIR)/Bricks & Balls.app/Bricks & Balls";
				FRAMEWORK_SEARCH_PATHS = (
					"$(SDKROOT)/Developer/Library/Frameworks",
					"$(inherited)",
					"$(DEVELOPER_FRAMEWORKS_DIR)",
				);
				GCC_PRECOMPILE_PREFIX_HEADER = YES;
				GCC_PREFIX_HEADER = "Bricks & Balls/Bricks & Balls-Prefix.pch";
				INFOPLIST_FILE = "Bricks & BallsTests/Bricks & BallsTests-Info.plist";
				PRODUCT_NAME = "$(TARGET_NAME)";
				TEST_HOST = "$(BUNDLE_LOADER)";
				WRAPPER_EXTENSION = xctest;
			};
			name = Release;
		};
/* End XCBuildConfiguration section */

/* Begin XCConfigurationList section */
		DD346F011992624000F1554B /* Build configuration list for PBXProject "Bricks & Balls" */ = {
			isa = XCConfigurationList;
			buildConfigurations = (
				DD346F301992624100F1554B /* Debug */,
				DD346F311992624100F1554B /* Release */,
			);
			defaultConfigurationIsVisible = 0;
			defaultConfigurationName = Release;
		};
		DD346F321992624100F1554B /* Build configuration list for PBXNativeTarget "Bricks & Balls" */ = {
			isa = XCConfigurationList;
			buildConfigurations = (
				DD346F331992624100F1554B /* Debug */,
				DD346F341992624100F1554B /* Release */,
			);
			defaultConfigurationIsVisible = 0;
			defaultConfigurationName = Release;
		};
		DD346F351992624100F1554B /* Build configuration list for PBXNativeTarget "Bricks & BallsTests" */ = {
			isa = XCConfigurationList;
			buildConfigurations = (
				DD346F361992624100F1554B /* Debug */,
				DD346F371992624100F1554B /* Release */,
			);
			defaultConfigurationIsVisible = 0;
			defaultConfigurationName = Release;
		};
/* End XCConfigurationList section */
	};
	rootObject = DD346EFE1992624000F1554B /* Project object */;
}
